dependencies:
  moo: 0.5.1
devDependencies:
  '@types/moo': 0.5.3
  '@types/node': 14.14.22
  typescript: 4.1.3
lockfileVersion: 5.2
packages:
  /@types/moo/0.5.3:
    dev: true
    resolution:
      integrity: sha512-PJJ/jvb5Gor8DWvXN3e75njfQyYNRz0PaFSZ3br9GfHM9N2FxvuJ/E/ytcQePJOLzHlvgFSsIJIvfUMUxWTbnA==
  /@types/node/14.14.22:
    dev: true
    resolution:
      integrity: sha512-g+f/qj/cNcqKkc3tFqlXOYjrmZA+jNBiDzbP3kH+B+otKFqAdPgVTGP1IeKRdMml/aE69as5S4FqtxAbl+LaMw==
  /moo/0.5.1:
    dev: false
    resolution:
      integrity: sha512-I1mnb5xn4fO80BH9BLcF0yLypy2UKl+Cb01Fu0hJRkJjlCRtxZMWkTdAtDd5ZqCOxtCkhmRwyI57vWT+1iZ67w==
  /typescript/4.1.3:
    dev: true
    engines:
      node: '>=4.2.0'
    hasBin: true
    resolution:
      integrity: sha512-B3ZIOf1IKeH2ixgHhj6la6xdwR9QrLC5d1VKeCSY4tvkqhF2eqd9O7txNlS0PO3GrBAFIdr3L1ndNwteUbZLYg==
specifiers:
  '@types/moo': ^0.5.3
  '@types/node': ^14.14.22
  moo: ^0.5.1
  typescript: ^4.1.3
